
Microsoft Visual Studio Solution File, Format Version 12.00
# Visual Studio Version 17
VisualStudioVersion = 17.9.34616.47
MinimumVisualStudioVersion = 10.0.40219.1
Project("{9A19103F-16F7-4668-BE54-9A1E7A4F7556}") = "Joben-API", "Joben-API\Joben-API.csproj", "{791A414E-6CDF-4D4B-81E1-63ECE4B4F10E}"
EndProject
Project("{9A19103F-16F7-4668-BE54-9A1E7A4F7556}") = "Joben-DAL", "Joben-DAL\Joben-DAL.csproj", "{EFE98350-DEBA-4678-8630-7AE3901B3500}"
EndProject
Project("{9A19103F-16F7-4668-BE54-9A1E7A4F7556}") = "Joben-BLL", "Joben-BLL\Joben-BLL.csproj", "{B79F1E80-ADC5-4588-8826-7E01801BB6F3}"
EndProject
Project("{FAE04EC0-301F-11D3-BF4B-00C04F79EFBC}") = "Joben-API.Test", "Joben-API.Test\Joben-API.Test.csproj", "{02A595BB-4F77-49D1-9BF1-DB88D273635B}"
EndProject
Global
	GlobalSection(SolutionConfigurationPlatforms) = preSolution
		Debug|Any CPU = Debug|Any CPU
		Release|Any CPU = Release|Any CPU
	EndGlobalSection
	GlobalSection(ProjectConfigurationPlatforms) = postSolution
		{791A414E-6CDF-4D4B-81E1-63ECE4B4F10E}.Debug|Any CPU.ActiveCfg = Debug|Any CPU
		{791A414E-6CDF-4D4B-81E1-63ECE4B4F10E}.Debug|Any CPU.Build.0 = Debug|Any CPU
		{791A414E-6CDF-4D4B-81E1-63ECE4B4F10E}.Release|Any CPU.ActiveCfg = Release|Any CPU
		{791A414E-6CDF-4D4B-81E1-63ECE4B4F10E}.Release|Any CPU.Build.0 = Release|Any CPU
		{EFE98350-DEBA-4678-8630-7AE3901B3500}.Debug|Any CPU.ActiveCfg = Debug|Any CPU
		{EFE98350-DEBA-4678-8630-7AE3901B3500}.Debug|Any CPU.Build.0 = Debug|Any CPU
		{EFE98350-DEBA-4678-8630-7AE3901B3500}.Release|Any CPU.ActiveCfg = Release|Any CPU
		{EFE98350-DEBA-4678-8630-7AE3901B3500}.Release|Any CPU.Build.0 = Release|Any CPU
		{B79F1E80-ADC5-4588-8826-7E01801BB6F3}.Debug|Any CPU.ActiveCfg = Debug|Any CPU
		{B79F1E80-ADC5-4588-8826-7E01801BB6F3}.Debug|Any CPU.Build.0 = Debug|Any CPU
		{B79F1E80-ADC5-4588-8826-7E01801BB6F3}.Release|Any CPU.ActiveCfg = Release|Any CPU
		{B79F1E80-ADC5-4588-8826-7E01801BB6F3}.Release|Any CPU.Build.0 = Release|Any CPU
		{02A595BB-4F77-49D1-9BF1-DB88D273635B}.Debug|Any CPU.ActiveCfg = Debug|Any CPU
		{02A595BB-4F77-49D1-9BF1-DB88D273635B}.Debug|Any CPU.Build.0 = Debug|Any CPU
		{02A595BB-4F77-49D1-9BF1-DB88D273635B}.Release|Any CPU.ActiveCfg = Release|Any CPU
		{02A595BB-4F77-49D1-9BF1-DB88D273635B}.Release|Any CPU.Build.0 = Release|Any CPU
	EndGlobalSection
	GlobalSection(SolutionProperties) = preSolution
		HideSolutionNode = FALSE
	EndGlobalSection
	GlobalSection(ExtensibilityGlobals) = postSolution
		SolutionGuid = {65396B55-9E34-40AD-9EFA-4263F0D345ED}
	EndGlobalSection
EndGlobal
